github.com/bartekkur1/cli-typeracer/contract v0.0.0-20241029192951-6e1e3514aa6f h1:xnNmMqJzyfPdpSpsGqVIFQpW3gD7YBKriVIBh3R78wU=
github.com/bartekkur1/cli-typeracer/contract v0.0.0-20241029192951-6e1e3514aa6f/go.mod h1:mGsxhTW0NgocVKqiPe6rAaSluW7CL9XNRFDqILfdiJw=
github.com/google/uuid v1.6.0 h1:NIvaJDMOsjHA8n1jAhLSgzrAzy1Hgr+hNrb57e+94F0=
github.com/google/uuid v1.6.0/go.mod h1:TIyPZe4MgqvfeYDBFedMoGGpEw/LqOeaOT+nhxU+yHo=
github.com/gorilla/websocket v1.5.3 h1:saDtZ6Pbx/0u+bgYQ3q96pZgCzfhKXGPqt7kZ72aNNg=
github.com/gorilla/websocket v1.5.3/go.mod h1:YR8l580nyteQvAITg2hZ9XVh4b55+EU/adAjf1fMHhE=
